// !$*UTF8*$!
{
	archiveVersion = 1;
	classes = {
	};
	objectVersion = 46;
	objects = {

/* Begin PBXBuildFile section */
		D83E581E196D6E88007EEA00 /* Foundation.framework in Frameworks */ = {isa = PBXBuildFile; fileRef = D83E581D196D6E88007EEA00 /* Foundation.framework */; };
		D83E5820196D6E88007EEA00 /* CoreGraphics.framework in Frameworks */ = {isa = PBXBuildFile; fileRef = D83E581F196D6E88007EEA00 /* CoreGraphics.framework */; };
		D83E5822196D6E88007EEA00 /* UIKit.framework in Frameworks */ = {isa = PBXBuildFile; fileRef = D83E5821196D6E88007EEA00 /* UIKit.framework */; };
		D83E5828196D6E88007EEA00 /* InfoPlist.strings in Resources */ = {isa = PBXBuildFile; fileRef = D83E5826196D6E88007EEA00 /* InfoPlist.strings */; };
		D83E582A196D6E88007EEA00 /* main.m in Sources */ = {isa = PBXBuildFile; fileRef = D83E5829196D6E88007EEA00 /* main.m */; };
		D83E582E196D6E88007EEA00 /* AppDelegate.m in Sources */ = {isa = PBXBuildFile; fileRef = D83E582D196D6E88007EEA00 /* AppDelegate.m */; };
		D83E5831196D6E88007EEA00 /* Main.storyboard in Resources */ = {isa = PBXBuildFile; fileRef = D83E582F196D6E88007EEA00 /* Main.storyboard */; };
		D83E5834196D6E88007EEA00 /* ViewController.m in Sources */ = {isa = PBXBuildFile; fileRef = D83E5833196D6E88007EEA00 /* ViewController.m */; };
		D83E5836196D6E88007EEA00 /* Images.xcassets in Resources */ = {isa = PBXBuildFile; fileRef = D83E5835196D6E88007EEA00 /* Images.xcassets */; };
		D83E583D196D6E88007EEA00 /* XCTest.framework in Frameworks */ = {isa = PBXBuildFile; fileRef = D83E583C196D6E88007EEA00 /* XCTest.framework */; };
		D83E583E196D6E88007EEA00 /* Foundation.framework in Frameworks */ = {isa = PBXBuildFile; fileRef = D83E581D196D6E88007EEA00 /* Foundation.framework */; };
		D83E583F196D6E88007EEA00 /* UIKit.framework in Frameworks */ = {isa = PBXBuildFile; fileRef = D83E5821196D6E88007EEA00 /* UIKit.framework */; };
		D83E5847196D6E88007EEA00 /* InfoPlist.strings in Resources */ = {isa = PBXBuildFile; fileRef = D83E5845196D6E88007EEA00 /* InfoPlist.strings */; };
		D83E5849196D6E88007EEA00 /* PalindromeExerciseTests.m in Sources */ = {isa = PBXBuildFile; fileRef = D83E5848196D6E88007EEA00 /* PalindromeExerciseTests.m */; };
/* End PBXBuildFile section */

/* Begin PBXContainerItemProxy section */
		D83E5840196D6E88007EEA00 /* PBXContainerItemProxy */ = {
			isa = PBXContainerItemProxy;
			containerPortal = D83E5812196D6E88007EEA00 /* Project object */;
			proxyType = 1;
			remoteGlobalIDString = D83E5819196D6E88007EEA00;
			remoteInfo = PalindromeExercise;
		};
/* End PBXContainerItemProxy section */

/* Begin PBXFileReference section */
		D83E581A196D6E88007EEA00 /* PalindromeExercise.app */ = {isa = PBXFileReference; explicitFileType = wrapper.application; includeInIndex = 0; path = PalindromeExercise.app; sourceTree = BUILT_PRODUCTS_DIR; };
		D83E581D196D6E88007EEA00 /* Foundation.framework */ = {isa = PBXFileReference; lastKnownFileType = wrapper.framework; name = Foundation.framework; path = System/Library/Frameworks/Foundation.framework; sourceTree = SDKROOT; };
		D83E581F196D6E88007EEA00 /* CoreGraphics.framework */ = {isa = PBXFileReference; lastKnownFileType = wrapper.framework; name = CoreGraphics.framework; path = System/Library/Frameworks/CoreGraphics.framework; sourceTree = SDKROOT; };
		D83E5821196D6E88007EEA00 /* UIKit.framework */ = {isa = PBXFileReference; lastKnownFileType = wrapper.framework; name = UIKit.framework; path = System/Library/Frameworks/UIKit.framework; sourceTree = SDKROOT; };
		D83E5825196D6E88007EEA00 /* PalindromeExercise-Info.plist */ = {isa = PBXFileReference; lastKnownFileType = text.plist.xml; path = "PalindromeExercise-Info.plist"; sourceTree = "<group>"; };
		D83E5827196D6E88007EEA00 /* en */ = {isa = PBXFileReference; lastKnownFileType = text.plist.strings; name = en; path = en.lproj/InfoPlist.strings; sourceTree = "<group>"; };
		D83E5829196D6E88007EEA00 /* main.m */ = {isa = PBXFileReference; lastKnownFileType = sourcecode.c.objc; path = main.m; sourceTree = "<group>"; };
		D83E582B196D6E88007EEA00 /* PalindromeExercise-Prefix.pch */ = {isa = PBXFileReference; lastKnownFileType = sourcecode.c.h; path = "PalindromeExercise-Prefix.pch"; sourceTree = "<group>"; };
		D83E582C196D6E88007EEA00 /* AppDelegate.h */ = {isa = PBXFileReference; lastKnownFileType = sourcecode.c.h; path = AppDelegate.h; sourceTree = "<group>"; };
		D83E582D196D6E88007EEA00 /* AppDelegate.m */ = {isa = PBXFileReference; lastKnownFileType = sourcecode.c.objc; path = AppDelegate.m; sourceTree = "<group>"; };
		D83E5830196D6E88007EEA00 /* Base */ = {isa = PBXFileReference; lastKnownFileType = file.storyboard; name = Base; path = Base.lproj/Main.storyboard; sourceTree = "<group>"; };
		D83E5832196D6E88007EEA00 /* ViewController.h */ = {isa = PBXFileReference; lastKnownFileType = sourcecode.c.h; path = ViewController.h; sourceTree = "<group>"; };
		D83E5833196D6E88007EEA00 /* ViewController.m */ = {isa = PBXFileReference; lastKnownFileType = sourcecode.c.objc; path = ViewController.m; sourceTree = "<group>"; };
		D83E5835196D6E88007EEA00 /* Images.xcassets */ = {isa = PBXFileReference; lastKnownFileType = folder.assetcatalog; path = Images.xcassets; sourceTree = "<group>"; };
		D83E583B196D6E88007EEA00 /* PalindromeExerciseTests.xctest */ = {isa = PBXFileReference; explicitFileType = wrapper.cfbundle; includeInIndex = 0; path = PalindromeExerciseTests.xctest; sourceTree = BUILT_PRODUCTS_DIR; };
		D83E583C196D6E88007EEA00 /* XCTest.framework */ = {isa = PBXFileReference; lastKnownFileType = wrapper.framework; name = XCTest.framework; path = Library/Frameworks/XCTest.framework; sourceTree = DEVELOPER_DIR; };
		D83E5844196D6E88007EEA00 /* PalindromeExerciseTests-Info.plist */ = {isa = PBXFileReference; lastKnownFileType = text.plist.xml; path = "PalindromeExerciseTests-Info.plist"; sourceTree = "<group>"; };
		D83E5846196D6E88007EEA00 /* en */ = {isa = PBXFileReference; lastKnownFileType = text.plist.strings; name = en; path = en.lproj/InfoPlist.strings; sourceTree = "<group>"; };
		D83E5848196D6E88007EEA00 /* PalindromeExerciseTests.m */ = {isa = PBXFileReference; lastKnownFileType = sourcecode.c.objc; path = PalindromeExerciseTests.m; sourceTree = "<group>"; };
/* End PBXFileReference section */

/* Begin PBXFrameworksBuildPhase section */
		D83E5817196D6E88007EEA00 /* Frameworks */ = {
			isa = PBXFrameworksBuildPhase;
			buildActionMask = 2147483647;
			files = (
				D83E5820196D6E88007EEA00 /* CoreGraphics.framework in Frameworks */,
				D83E5822196D6E88007EEA00 /* UIKit.framework in Frameworks */,
				D83E581E196D6E88007EEA00 /* Foundation.framework in Frameworks */,
			);
			runOnlyForDeploymentPostprocessing = 0;
		};
		D83E5838196D6E88007EEA00 /* Frameworks */ = {
			isa = PBXFrameworksBuildPhase;
			buildActionMask = 2147483647;
			files = (
				D83E583D196D6E88007EEA00 /* XCTest.framework in Frameworks */,
				D83E583F196D6E88007EEA00 /* UIKit.framework in Frameworks */,
				D83E583E196D6E88007EEA00 /* Foundation.framework in Frameworks */,
			);
			runOnlyForDeploymentPostprocessing = 0;
		};
/* End PBXFrameworksBuildPhase section */

/* Begin PBXGroup section */
		D83E5811196D6E88007EEA00 = {
			isa = PBXGroup;
			children = (
				D83E5823196D6E88007EEA00 /* PalindromeExercise */,
				D83E5842196D6E88007EEA00 /* PalindromeExerciseTests */,
				D83E581C196D6E88007EEA00 /* Frameworks */,
				D83E581B196D6E88007EEA00 /* Products */,
			);
			sourceTree = "<group>";
		};
		D83E581B196D6E88007EEA00 /* Products */ = {
			isa = PBXGroup;
			children = (
				D83E581A196D6E88007EEA00 /* PalindromeExercise.app */,
				D83E583B196D6E88007EEA00 /* PalindromeExerciseTests.xctest */,
			);
			name = Products;
			sourceTree = "<group>";
		};
		D83E581C196D6E88007EEA00 /* Frameworks */ = {
			isa = PBXGroup;
			children = (
				D83E581D196D6E88007EEA00 /* Foundation.framework */,
				D83E581F196D6E88007EEA00 /* CoreGraphics.framework */,
				D83E5821196D6E88007EEA00 /* UIKit.framework */,
				D83E583C196D6E88007EEA00 /* XCTest.framework */,
			);
			name = Frameworks;
			sourceTree = "<group>";
		};
		D83E5823196D6E88007EEA00 /* PalindromeExercise */ = {
			isa = PBXGroup;
			children = (
				D83E582C196D6E88007EEA00 /* AppDelegate.h */,
				D83E582D196D6E88007EEA00 /* AppDelegate.m */,
				D83E582F196D6E88007EEA00 /* Main.storyboard */,
				D83E5832196D6E88007EEA00 /* ViewController.h */,
				D83E5833196D6E88007EEA00 /* ViewController.m */,
				D83E5835196D6E88007EEA00 /* Images.xcassets */,
				D83E5824196D6E88007EEA00 /* Supporting Files */,
			);
			path = PalindromeExercise;
			sourceTree = "<group>";
		};
		D83E5824196D6E88007EEA00 /* Supporting Files */ = {
			isa = PBXGroup;
			children = (
				D83E5825196D6E88007EEA00 /* PalindromeExercise-Info.plist */,
				D83E5826196D6E88007EEA00 /* InfoPlist.strings */,
				D83E5829196D6E88007EEA00 /* main.m */,
				D83E582B196D6E88007EEA00 /* PalindromeExercise-Prefix.pch */,
			);
			name = "Supporting Files";
			sourceTree = "<group>";
		};
		D83E5842196D6E88007EEA00 /* PalindromeExerciseTests */ = {
			isa = PBXGroup;
			children = (
				D83E5848196D6E88007EEA00 /* PalindromeExerciseTests.m */,
				D83E5843196D6E88007EEA00 /* Supporting Files */,
			);
			path = PalindromeExerciseTests;
			sourceTree = "<group>";
		};
		D83E5843196D6E88007EEA00 /* Supporting Files */ = {
			isa = PBXGroup;
			children = (
				D83E5844196D6E88007EEA00 /* PalindromeExerciseTests-Info.plist */,
				D83E5845196D6E88007EEA00 /* InfoPlist.strings */,
			);
			name = "Supporting Files";
			sourceTree = "<group>";
		};
/* End PBXGroup section */

/* Begin PBXNativeTarget section */
		D83E5819196D6E88007EEA00 /* PalindromeExercise */ = {
			isa = PBXNativeTarget;
			buildConfigurationList = D83E584C196D6E88007EEA00 /* Build configuration list for PBXNativeTarget "PalindromeExercise" */;
			buildPhases = (
				D83E5816196D6E88007EEA00 /* Sources */,
				D83E5817196D6E88007EEA00 /* Frameworks */,
				D83E5818196D6E88007EEA00 /* Resources */,
			);
			buildRules = (
			);
			dependencies = (
			);
			name = PalindromeExercise;
			productName = PalindromeExercise;
			productReference = D83E581A196D6E88007EEA00 /* PalindromeExercise.app */;
			productType = "com.apple.product-type.application";
		};
		D83E583A196D6E88007EEA00 /* PalindromeExerciseTests */ = {
			isa = PBXNativeTarget;
			buildConfigurationList = D83E584F196D6E88007EEA00 /* Build configuration list for PBXNativeTarget "PalindromeExerciseTests" */;
			buildPhases = (
				D83E5837196D6E88007EEA00 /* Sources */,
				D83E5838196D6E88007EEA00 /* Frameworks */,
				D83E5839196D6E88007EEA00 /* Resources */,
			);
			buildRules = (
			);
			dependencies = (
				D83E5841196D6E88007EEA00 /* PBXTargetDependency */,
			);
			name = PalindromeExerciseTests;
			productName = PalindromeExerciseTests;
			productReference = D83E583B196D6E88007EEA00 /* PalindromeExerciseTests.xctest */;
			productType = "com.apple.product-type.bundle.unit-test";
		};
/* End PBXNativeTarget section */

/* Begin PBXProject section */
		D83E5812196D6E88007EEA00 /* Project object */ = {
			isa = PBXProject;
			attributes = {
				LastUpgradeCheck = 0510;
				TargetAttributes = {
					D83E583A196D6E88007EEA00 = {
						TestTargetID = D83E5819196D6E88007EEA00;
					};
				};
			};
			buildConfigurationList = D83E5815196D6E88007EEA00 /* Build configuration list for PBXProject "PalindromeExercise" */;
			compatibilityVersion = "Xcode 3.2";
			developmentRegion = English;
			hasScannedForEncodings = 0;
			knownRegions = (
				en,
				Base,
			);
			mainGroup = D83E5811196D6E88007EEA00;
			productRefGroup = D83E581B196D6E88007EEA00 /* Products */;
			projectDirPath = "";
			projectRoot = "";
			targets = (
				D83E5819196D6E88007EEA00 /* PalindromeExercise */,
				D83E583A196D6E88007EEA00 /* PalindromeExerciseTests */,
			);
		};
/* End PBXProject section */

/* Begin PBXResourcesBuildPhase section */
		D83E5818196D6E88007EEA00 /* Resources */ = {
			isa = PBXResourcesBuildPhase;
			buildActionMask = 2147483647;
			files = (
				D83E5836196D6E88007EEA00 /* Images.xcassets in Resources */,
				D83E5828196D6E88007EEA00 /* InfoPlist.strings in Resources */,
				D83E5831196D6E88007EEA00 /* Main.storyboard in Resources */,
			);
			runOnlyForDeploymentPostprocessing = 0;
		};
		D83E5839196D6E88007EEA00 /* Resources */ = {
			isa = PBXResourcesBuildPhase;
			buildActionMask = 2147483647;
			files = (
				D83E5847196D6E88007EEA00 /* InfoPlist.strings in Resources */,
			);
			runOnlyForDeploymentPostprocessing = 0;
		};
/* End PBXResourcesBuildPhase section */

/* Begin PBXSourcesBuildPhase section */
		D83E5816196D6E88007EEA00 /* Sources */ = {
			isa = PBXSourcesBuildPhase;
			buildActionMask = 2147483647;
			files = (
				D83E5834196D6E88007EEA00 /* ViewController.m in Sources */,
				D83E582E196D6E88007EEA00 /* AppDelegate.m in Sources */,
				D83E582A196D6E88007EEA00 /* main.m in Sources */,
			);
			runOnlyForDeploymentPostprocessing = 0;
		};
		D83E5837196D6E88007EEA00 /* Sources */ = {
			isa = PBXSourcesBuildPhase;
			buildActionMask = 2147483647;
			files = (
				D83E5849196D6E88007EEA00 /* PalindromeExerciseTests.m in Sources */,
			);
			runOnlyForDeploymentPostprocessing = 0;
		};
/* End PBXSourcesBuildPhase section */

/* Begin PBXTargetDependency section */
		D83E5841196D6E88007EEA00 /* PBXTargetDependency */ = {
			isa = PBXTargetDependency;
			target = D83E5819196D6E88007EEA00 /* PalindromeExercise */;
			targetProxy = D83E5840196D6E88007EEA00 /* PBXContainerItemProxy */;
		};
/* End PBXTargetDependency section */

/* Begin PBXVariantGroup section */
		D83E5826196D6E88007EEA00 /* InfoPlist.strings */ = {
			isa = PBXVariantGroup;
			children = (
				D83E5827196D6E88007EEA00 /* en */,
			);
			name = InfoPlist.strings;
			sourceTree = "<group>";
		};
		D83E582F196D6E88007EEA00 /* Main.storyboard */ = {
			isa = PBXVariantGroup;
			children = (
				D83E5830196D6E88007EEA00 /* Base */,
			);
			name = Main.storyboard;
			sourceTree = "<group>";
		};
		D83E5845196D6E88007EEA00 /* InfoPlist.strings */ = {
			isa = PBXVariantGroup;
			children = (
				D83E5846196D6E88007EEA00 /* en */,
			);
			name = InfoPlist.strings;
			sourceTree = "<group>";
		};
/* End PBXVariantGroup section */

/* Begin XCBuildConfiguration section */
		D83E584A196D6E88007EEA00 /* Debug */ = {
			isa = XCBuildConfiguration;
			buildSettings = {
				ALWAYS_SEARCH_USER_PATHS = NO;
				CLANG_CXX_LANGUAGE_STANDARD = "gnu++0x";
				CLANG_CXX_LIBRARY = "libc++";
				CLANG_ENABLE_MODULES = YES;
				CLANG_ENABLE_OBJC_ARC = YES;
				CLANG_WARN_BOOL_CONVERSION = YES;
				CLANG_WARN_CONSTANT_CONVERSION = YES;
				CLANG_WARN_DIRECT_OBJC_ISA_USAGE = YES_ERROR;
				CLANG_WARN_EMPTY_BODY = YES;
				CLANG_WARN_ENUM_CONVERSION = YES;
				CLANG_WARN_INT_CONVERSION = YES;
				CLANG_WARN_OBJC_ROOT_CLASS = YES_ERROR;
				CLANG_WARN__DUPLICATE_METHOD_MATCH = YES;
				"CODE_SIGN_IDENTITY[sdk=iphoneos*]" = "iPhone Developer";
				COPY_PHASE_STRIP = NO;
				GCC_C_LANGUAGE_STANDARD = gnu99;
				GCC_DYNAMIC_NO_PIC = NO;
				GCC_OPTIMIZATION_LEVEL = 0;
				GCC_PREPROCESSOR_DEFINITIONS = (
					"DEBUG=1",
					"$(inherited)",
				);
				GCC_SYMBOLS_PRIVATE_EXTERN = NO;
				GCC_WARN_64_TO_32_BIT_CONVERSION = YES;
				GCC_WARN_ABOUT_RETURN_TYPE = YES_ERROR;
				GCC_WARN_UNDECLARED_SELECTOR = YES;
				GCC_WARN_UNINITIALIZED_AUTOS = YES_AGGRESSIVE;
				GCC_WARN_UNUSED_FUNCTION = YES;
				GCC_WARN_UNUSED_VARIABLE = YES;
				IPHONEOS_DEPLOYMENT_TARGET = 7.1;
				ONLY_ACTIVE_ARCH = YES;
				SDKROOT = iphoneos;
			};
			name = Debug;
		};
		D83E584B196D6E88007EEA00 /* Release */ = {
			isa = XCBuildConfiguration;
			buildSettings = {
				ALWAYS_SEARCH_USER_PATHS = NO;
				CLANG_CXX_LANGUAGE_STANDARD = "gnu++0x";
				CLANG_CXX_LIBRARY = "libc++";
				CLANG_ENABLE_MODULES = YES;
				CLANG_ENABLE_OBJC_ARC = YES;
				CLANG_WARN_BOOL_CONVERSION = YES;
				CLANG_WARN_CONSTANT_CONVERSION = YES;
				CLANG_WARN_DIRECT_OBJC_ISA_USAGE = YES_ERROR;
				CLANG_WARN_EMPTY_BODY = YES;
				CLANG_WARN_ENUM_CONVERSION = YES;
				CLANG_WARN_INT_CONVERSION = YES;
				CLANG_WARN_OBJC_ROOT_CLASS = YES_ERROR;
				CLANG_WARN__DUPLICATE_METHOD_MATCH = YES;
				"CODE_SIGN_IDENTITY[sdk=iphoneos*]" = "iPhone Developer";
				COPY_PHASE_STRIP = YES;
				ENABLE_NS_ASSERTIONS = NO;
				GCC_C_LANGUAGE_STANDARD = gnu99;
				GCC_WARN_64_TO_32_BIT_CONVERSION = YES;
				GCC_WARN_ABOUT_RETURN_TYPE = YES_ERROR;
				GCC_WARN_UNDECLARED_SELECTOR = YES;
				GCC_WARN_UNINITIALIZED_AUTOS = YES_AGGRESSIVE;
				GCC_WARN_UNUSED_FUNCTION = YES;
				GCC_WARN_UNUSED_VARIABLE = YES;
				IPHONEOS_DEPLOYMENT_TARGET = 7.1;
				SDKROOT = iphoneos;
				VALIDATE_PRODUCT = YES;
			};
			name = Release;
		};
		D83E584D196D6E88007EEA00 /* Debug */ = {
			isa = XCBuildConfiguration;
			buildSettings = {
				ASSETCATALOG_COMPILER_APPICON_NAME = AppIcon;
				ASSETCATALOG_COMPILER_LAUNCHIMAGE_NAME = LaunchImage;
				GCC_PRECOMPILE_PREFIX_HEADER = YES;
				GCC_PREFIX_HEADER = "PalindromeExercise/PalindromeExercise-Prefix.pch";
				INFOPLIST_FILE = "PalindromeExercise/PalindromeExercise-Info.plist";
				PRODUCT_NAME = "$(TARGET_NAME)";
				WRAPPER_EXTENSION = app;
			};
			name = Debug;
		};
		D83E584E196D6E88007EEA00 /* Release */ = {
			isa = XCBuildConfiguration;
			buildSettings = {
				ASSETCATALOG_COMPILER_APPICON_NAME = AppIcon;
				ASSETCATALOG_COMPILER_LAUNCHIMAGE_NAME = LaunchImage;
				GCC_PRECOMPILE_PREFIX_HEADER = YES;
				GCC_PREFIX_HEADER = "PalindromeExercise/PalindromeExercise-Prefix.pch";
				INFOPLIST_FILE = "PalindromeExercise/PalindromeExercise-Info.plist";
				PRODUCT_NAME = "$(TARGET_NAME)";
				WRAPPER_EXTENSION = app;
			};
			name = Release;
		};
		D83E5850196D6E88007EEA00 /* Debug */ = {
			isa = XCBuildConfiguration;
			buildSettings = {
				BUNDLE_LOADER = "$(BUILT_PRODUCTS_DIR)/PalindromeExercise.app/PalindromeExercise";
				FRAMEWORK_SEARCH_PATHS = (
					"$(SDKROOT)/Developer/Library/Frameworks",
					"$(inherited)",
					"$(DEVELOPER_FRAMEWORKS_DIR)",
				);
				GCC_PRECOMPILE_PREFIX_HEADER = YES;
				GCC_PREFIX_HEADER = "PalindromeExercise/PalindromeExercise-Prefix.pch";
				GCC_PREPROCESSOR_DEFINITIONS = (
					"DEBUG=1",
					"$(inherited)",
				);
				INFOPLIST_FILE = "PalindromeExerciseTests/PalindromeExerciseTests-Info.plist";
				PRODUCT_NAME = "$(TARGET_NAME)";
				TEST_HOST = "$(BUNDLE_LOADER)";
				WRAPPER_EXTENSION = xctest;
			};
			name = Debug;
		};
		D83E5851196D6E88007EEA00 /* Release */ = {
			isa = XCBuildConfiguration;
			buildSettings = {
				BUNDLE_LOADER = "$(BUILT_PRODUCTS_DIR)/PalindromeExercise.app/PalindromeExercise";
				FRAMEWORK_SEARCH_PATHS = (
					"$(SDKROOT)/Developer/Library/Frameworks",
					"$(inherited)",
					"$(DEVELOPER_FRAMEWORKS_DIR)",
				);
				GCC_PRECOMPILE_PREFIX_HEADER = YES;
				GCC_PREFIX_HEADER = "PalindromeExercise/PalindromeExercise-Prefix.pch";
				INFOPLIST_FILE = "PalindromeExerciseTests/PalindromeExerciseTests-Info.plist";
				PRODUCT_NAME = "$(TARGET_NAME)";
				TEST_HOST = "$(BUNDLE_LOADER)";
				WRAPPER_EXTENSION = xctest;
			};
			name = Release;
		};
/* End XCBuildConfiguration section */

/* Begin XCConfigurationList section */
		D83E5815196D6E88007EEA00 /* Build configuration list for PBXProject "PalindromeExercise" */ = {
			isa = XCConfigurationList;
			buildConfigurations = (
				D83E584A196D6E88007EEA00 /* Debug */,
				D83E584B196D6E88007EEA00 /* Release */,
			);
			defaultConfigurationIsVisible = 0;
			defaultConfigurationName = Release;
		};
		D83E584C196D6E88007EEA00 /* Build configuration list for PBXNativeTarget "PalindromeExercise" */ = {
			isa = XCConfigurationList;
			buildConfigurations = (
				D83E584D196D6E88007EEA00 /* Debug */,
				D83E584E196D6E88007EEA00 /* Release */,
			);
			defaultConfigurationIsVisible = 0;
		};
		D83E584F196D6E88007EEA00 /* Build configuration list for PBXNativeTarget "PalindromeExerciseTests" */ = {
			isa = XCConfigurationList;
			buildConfigurations = (
				D83E5850196D6E88007EEA00 /* Debug */,
				D83E5851196D6E88007EEA00 /* Release */,
			);
			defaultConfigurationIsVisible = 0;
		};
/* End XCConfigurationList section */
	};
	rootObject = D83E5812196D6E88007EEA00 /* Project object */;
}
